
Microsoft Visual Studio Solution File, Format Version 12.00
# Visual Studio 15
Project("{FAE04EC0-301F-11D3-BF4B-00C04F79EFBC}") = "Assembly-CSharp-firstpass", "Assembly-CSharp-firstpass.csproj", "{2359CAD9-2CB8-F571-2862-4209F7158242}"
EndProject
Project("{FAE04EC0-301F-11D3-BF4B-00C04F79EFBC}") = "Assembly-CSharp", "Assembly-CSharp.csproj", "{DF953540-5BAD-7DC1-077B-B335FEB65278}"
EndProject
Project("{FAE04EC0-301F-11D3-BF4B-00C04F79EFBC}") = "Assembly-CSharp-Editor", "Assembly-CSharp-Editor.csproj", "{53E6AC61-0563-6952-295F-66744F3AD9AA}"
EndProject
Project("{FAE04EC0-301F-11D3-BF4B-00C04F79EFBC}") = "Assembly-CSharp-Editor-firstpass", "Assembly-CSharp-Editor-firstpass.csproj", "{EEEDB6BE-0C52-4DA1-2254-3591B5D1FBD7}"
EndProject
Global
	GlobalSection(SolutionConfigurationPlatforms) = preSolution
		Debug|Any CPU = Debug|Any CPU
		Release|Any CPU = Release|Any CPU
	EndGlobalSection
	GlobalSection(ProjectConfigurationPlatforms) = postSolution
		{2359CAD9-2CB8-F571-2862-4209F7158242}.Debug|Any CPU.ActiveCfg = Debug|Any CPU
		{2359CAD9-2CB8-F571-2862-4209F7158242}.Debug|Any CPU.Build.0 = Debug|Any CPU
		{2359CAD9-2CB8-F571-2862-4209F7158242}.Release|Any CPU.ActiveCfg = Release|Any CPU
		{2359CAD9-2CB8-F571-2862-4209F7158242}.Release|Any CPU.Build.0 = Release|Any CPU
		{DF953540-5BAD-7DC1-077B-B335FEB65278}.Debug|Any CPU.ActiveCfg = Debug|Any CPU
		{DF953540-5BAD-7DC1-077B-B335FEB65278}.Debug|Any CPU.Build.0 = Debug|Any CPU
		{DF953540-5BAD-7DC1-077B-B335FEB65278}.Release|Any CPU.ActiveCfg = Release|Any CPU
		{DF953540-5BAD-7DC1-077B-B335FEB65278}.Release|Any CPU.Build.0 = Release|Any CPU
		{53E6AC61-0563-6952-295F-66744F3AD9AA}.Debug|Any CPU.ActiveCfg = Debug|Any CPU
		{53E6AC61-0563-6952-295F-66744F3AD9AA}.Debug|Any CPU.Build.0 = Debug|Any CPU
		{53E6AC61-0563-6952-295F-66744F3AD9AA}.Release|Any CPU.ActiveCfg = Release|Any CPU
		{53E6AC61-0563-6952-295F-66744F3AD9AA}.Release|Any CPU.Build.0 = Release|Any CPU
		{EEEDB6BE-0C52-4DA1-2254-3591B5D1FBD7}.Debug|Any CPU.ActiveCfg = Debug|Any CPU
		{EEEDB6BE-0C52-4DA1-2254-3591B5D1FBD7}.Debug|Any CPU.Build.0 = Debug|Any CPU
		{EEEDB6BE-0C52-4DA1-2254-3591B5D1FBD7}.Release|Any CPU.ActiveCfg = Release|Any CPU
		{EEEDB6BE-0C52-4DA1-2254-3591B5D1FBD7}.Release|Any CPU.Build.0 = Release|Any CPU
	EndGlobalSection
	GlobalSection(SolutionProperties) = preSolution
		HideSolutionNode = FALSE
	EndGlobalSection
EndGlobal
